
Microsoft Visual Studio Solution File, Format Version 12.00
# Visual Studio Version 16
VisualStudioVersion = 16.0.32126.315
MinimumVisualStudioVersion = 10.0.40219.1
Project("{FAE04EC0-301F-11D3-BF4B-00C04F79EFBC}") = "KodluyoruzAdSoyad", "KodluyoruzAdSoyad.csproj", "{1206A7E0-330F-410D-AAC3-2C850291DA0D}"
EndProject
Global
	GlobalSection(SolutionConfigurationPlatforms) = preSolution
		Debug|Any CPU = Debug|Any CPU
		Release|Any CPU = Release|Any CPU
	EndGlobalSection
	GlobalSection(ProjectConfigurationPlatforms) = postSolution
		{1206A7E0-330F-410D-AAC3-2C850291DA0D}.Debug|Any CPU.ActiveCfg = Debug|Any CPU
		{1206A7E0-330F-410D-AAC3-2C850291DA0D}.Debug|Any CPU.Build.0 = Debug|Any CPU
		{1206A7E0-330F-410D-AAC3-2C850291DA0D}.Release|Any CPU.ActiveCfg = Release|Any CPU
		{1206A7E0-330F-410D-AAC3-2C850291DA0D}.Release|Any CPU.Build.0 = Release|Any CPU
	EndGlobalSection
	GlobalSection(SolutionProperties) = preSolution
		HideSolutionNode = FALSE
	EndGlobalSection
	GlobalSection(ExtensibilityGlobals) = postSolution
		SolutionGuid = {7802ADD5-5D0E-48CA-BE14-7079050ED76D}
	EndGlobalSection
EndGlobal
