
Microsoft Visual Studio Solution File, Format Version 12.00
# Visual Studio Version 16
VisualStudioVersion = 16.0.32126.315
MinimumVisualStudioVersion = 10.0.40219.1
Project("{FAE04EC0-301F-11D3-BF4B-00C04F79EFBC}") = "KodluyoruzAlistirma2", "KodluyoruzAlistirma2.csproj", "{74DB8213-AC25-4D04-8930-E2D24141248E}"
EndProject
Global
	GlobalSection(SolutionConfigurationPlatforms) = preSolution
		Debug|Any CPU = Debug|Any CPU
		Release|Any CPU = Release|Any CPU
	EndGlobalSection
	GlobalSection(ProjectConfigurationPlatforms) = postSolution
		{74DB8213-AC25-4D04-8930-E2D24141248E}.Debug|Any CPU.ActiveCfg = Debug|Any CPU
		{74DB8213-AC25-4D04-8930-E2D24141248E}.Debug|Any CPU.Build.0 = Debug|Any CPU
		{74DB8213-AC25-4D04-8930-E2D24141248E}.Release|Any CPU.ActiveCfg = Release|Any CPU
		{74DB8213-AC25-4D04-8930-E2D24141248E}.Release|Any CPU.Build.0 = Release|Any CPU
	EndGlobalSection
	GlobalSection(SolutionProperties) = preSolution
		HideSolutionNode = FALSE
	EndGlobalSection
	GlobalSection(ExtensibilityGlobals) = postSolution
		SolutionGuid = {B888665B-5133-4F82-85F3-1F60064E0BF1}
	EndGlobalSection
EndGlobal
